// !$*UTF8*$!
{
	archiveVersion = 1;
	classes = {
	};
	objectVersion = 50;
	objects = {

/* Begin PBXBuildFile section */
		10039FEB228E9E0C00CCC636 /* AppDelegate.swift in Sources */ = {isa = PBXBuildFile; fileRef = 10039FEA228E9E0C00CCC636 /* AppDelegate.swift */; };
		10039FED228E9E0C00CCC636 /* ViewController.swift in Sources */ = {isa = PBXBuildFile; fileRef = 10039FEC228E9E0C00CCC636 /* ViewController.swift */; };
		10039FF0228E9E0C00CCC636 /* Main.storyboard in Resources */ = {isa = PBXBuildFile; fileRef = 10039FEE228E9E0C00CCC636 /* Main.storyboard */; };
		10039FF2228E9E0C00CCC636 /* Assets.xcassets in Resources */ = {isa = PBXBuildFile; fileRef = 10039FF1228E9E0C00CCC636 /* Assets.xcassets */; };
		10039FF5228E9E0C00CCC636 /* LaunchScreen.storyboard in Resources */ = {isa = PBXBuildFile; fileRef = 10039FF3228E9E0C00CCC636 /* LaunchScreen.storyboard */; };
		100BB140229C39DB00812A5A /* drum roll.mp3 in Resources */ = {isa = PBXBuildFile; fileRef = 100BB13F229C39DB00812A5A /* drum roll.mp3 */; };
		109D1C5822943BB5006C2920 /* NextViewController.swift in Sources */ = {isa = PBXBuildFile; fileRef = 109D1C5722943BB5006C2920 /* NextViewController.swift */; };
		109D1C752295AEB8006C2920 /* SplashScreen.storyboard in Resources */ = {isa = PBXBuildFile; fileRef = 109D1C742295AEB8006C2920 /* SplashScreen.storyboard */; };
		109D1C772295AEE3006C2920 /* SplashScreenViewController.swift in Sources */ = {isa = PBXBuildFile; fileRef = 109D1C762295AEE3006C2920 /* SplashScreenViewController.swift */; };
		10C21351229807AB008151E3 /* Pop.mp3 in Resources */ = {isa = PBXBuildFile; fileRef = 10C21350229807AB008151E3 /* Pop.mp3 */; };
		10C21353229807B6008151E3 /* Swoosh.mp3 in Resources */ = {isa = PBXBuildFile; fileRef = 10C21352229807B6008151E3 /* Swoosh.mp3 */; };
		10C21355229807ED008151E3 /* Winning.mp3 in Resources */ = {isa = PBXBuildFile; fileRef = 10C21354229807ED008151E3 /* Winning.mp3 */; };
		10C2135D2299BA2F008151E3 /* Whypo.ttf in Resources */ = {isa = PBXBuildFile; fileRef = 10C2135B2299B91A008151E3 /* Whypo.ttf */; };
		10C2135E2299BA33008151E3 /* PolandCannedIntoFuture.ttf in Resources */ = {isa = PBXBuildFile; fileRef = 10C2135A2299B90D008151E3 /* PolandCannedIntoFuture.ttf */; };
/* End PBXBuildFile section */

/* Begin PBXFileReference section */
		10039FE7228E9E0C00CCC636 /* CoolSter.app */ = {isa = PBXFileReference; explicitFileType = wrapper.application; includeInIndex = 0; path = CoolSter.app; sourceTree = BUILT_PRODUCTS_DIR; };
		10039FEA228E9E0C00CCC636 /* AppDelegate.swift */ = {isa = PBXFileReference; lastKnownFileType = sourcecode.swift; path = AppDelegate.swift; sourceTree = "<group>"; };
		10039FEC228E9E0C00CCC636 /* ViewController.swift */ = {isa = PBXFileReference; lastKnownFileType = sourcecode.swift; path = ViewController.swift; sourceTree = "<group>"; };
		10039FEF228E9E0C00CCC636 /* Base */ = {isa = PBXFileReference; lastKnownFileType = file.storyboard; name = Base; path = Base.lproj/Main.storyboard; sourceTree = "<group>"; };
		10039FF1228E9E0C00CCC636 /* Assets.xcassets */ = {isa = PBXFileReference; lastKnownFileType = folder.assetcatalog; path = Assets.xcassets; sourceTree = "<group>"; };
		10039FF4228E9E0C00CCC636 /* Base */ = {isa = PBXFileReference; lastKnownFileType = file.storyboard; name = Base; path = Base.lproj/LaunchScreen.storyboard; sourceTree = "<group>"; };
		10039FF6228E9E0C00CCC636 /* Info.plist */ = {isa = PBXFileReference; lastKnownFileType = text.plist.xml; path = Info.plist; sourceTree = "<group>"; };
		100BB13F229C39DB00812A5A /* drum roll.mp3 */ = {isa = PBXFileReference; lastKnownFileType = audio.mp3; name = "drum roll.mp3"; path = "../../../../Downloads/asset nc 1/music assets/drum roll.mp3"; sourceTree = "<group>"; };
		109D1C5722943BB5006C2920 /* NextViewController.swift */ = {isa = PBXFileReference; lastKnownFileType = sourcecode.swift; path = NextViewController.swift; sourceTree = "<group>"; };
		109D1C742295AEB8006C2920 /* SplashScreen.storyboard */ = {isa = PBXFileReference; lastKnownFileType = file.storyboard; path = SplashScreen.storyboard; sourceTree = "<group>"; };
		109D1C762295AEE3006C2920 /* SplashScreenViewController.swift */ = {isa = PBXFileReference; lastKnownFileType = sourcecode.swift; path = SplashScreenViewController.swift; sourceTree = "<group>"; };
		10C21350229807AB008151E3 /* Pop.mp3 */ = {isa = PBXFileReference; lastKnownFileType = audio.mp3; path = Pop.mp3; sourceTree = "<group>"; };
		10C21352229807B6008151E3 /* Swoosh.mp3 */ = {isa = PBXFileReference; lastKnownFileType = audio.mp3; path = Swoosh.mp3; sourceTree = "<group>"; };
		10C21354229807ED008151E3 /* Winning.mp3 */ = {isa = PBXFileReference; lastKnownFileType = audio.mp3; path = Winning.mp3; sourceTree = "<group>"; };
		10C2135822982603008151E3 /* drum roll.mp3 */ = {isa = PBXFileReference; lastKnownFileType = audio.mp3; name = "drum roll.mp3"; path = "../../../../Downloads/drum roll.mp3"; sourceTree = "<group>"; };
		10C2135A2299B90D008151E3 /* PolandCannedIntoFuture.ttf */ = {isa = PBXFileReference; lastKnownFileType = file; path = PolandCannedIntoFuture.ttf; sourceTree = "<group>"; };
		10C2135B2299B91A008151E3 /* Whypo.ttf */ = {isa = PBXFileReference; lastKnownFileType = file; path = Whypo.ttf; sourceTree = "<group>"; };
/* End PBXFileReference section */

/* Begin PBXFrameworksBuildPhase section */
		10039FE4228E9E0C00CCC636 /* Frameworks */ = {
			isa = PBXFrameworksBuildPhase;
			buildActionMask = 2147483647;
			files = (
			);
			runOnlyForDeploymentPostprocessing = 0;
		};
/* End PBXFrameworksBuildPhase section */

/* Begin PBXGroup section */
		10039FDE228E9E0C00CCC636 = {
			isa = PBXGroup;
			children = (
				10039FE9228E9E0C00CCC636 /* Funion */,
				10039FE8228E9E0C00CCC636 /* Products */,
			);
			sourceTree = "<group>";
		};
		10039FE8228E9E0C00CCC636 /* Products */ = {
			isa = PBXGroup;
			children = (
				10039FE7228E9E0C00CCC636 /* CoolSter.app */,
			);
			name = Products;
			sourceTree = "<group>";
		};
		10039FE9228E9E0C00CCC636 /* Funion */ = {
			isa = PBXGroup;
			children = (
				10039FEA228E9E0C00CCC636 /* AppDelegate.swift */,
				109D1C732295ACC1006C2920 /* Main Screen */,
				109D1C782295C728006C2920 /* Splash Screen */,
				10C2135C2299B92E008151E3 /* Font */,
				10C2134F2298076D008151E3 /* Music File */,
				10039FF1228E9E0C00CCC636 /* Assets.xcassets */,
				10039FF3228E9E0C00CCC636 /* LaunchScreen.storyboard */,
				10039FF6228E9E0C00CCC636 /* Info.plist */,
			);
			path = Funion;
			sourceTree = "<group>";
		};
		109D1C732295ACC1006C2920 /* Main Screen */ = {
			isa = PBXGroup;
			children = (
				10039FEC228E9E0C00CCC636 /* ViewController.swift */,
				109D1C5722943BB5006C2920 /* NextViewController.swift */,
				10039FEE228E9E0C00CCC636 /* Main.storyboard */,
			);
			path = "Main Screen";
			sourceTree = "<group>";
		};
		109D1C782295C728006C2920 /* Splash Screen */ = {
			isa = PBXGroup;
			children = (
				109D1C742295AEB8006C2920 /* SplashScreen.storyboard */,
				109D1C762295AEE3006C2920 /* SplashScreenViewController.swift */,
			);
			path = "Splash Screen";
			sourceTree = "<group>";
		};
		10C2134F2298076D008151E3 /* Music File */ = {
			isa = PBXGroup;
			children = (
				10C21354229807ED008151E3 /* Winning.mp3 */,
				10C21352229807B6008151E3 /* Swoosh.mp3 */,
				10C2135822982603008151E3 /* drum roll.mp3 */,
				100BB13F229C39DB00812A5A /* drum roll.mp3 */,
				10C21350229807AB008151E3 /* Pop.mp3 */,
			);
			path = "Music File";
			sourceTree = "<group>";
		};
		10C2135C2299B92E008151E3 /* Font */ = {
			isa = PBXGroup;
			children = (
				10C2135B2299B91A008151E3 /* Whypo.ttf */,
				10C2135A2299B90D008151E3 /* PolandCannedIntoFuture.ttf */,
			);
			path = Font;
			sourceTree = "<group>";
		};
/* End PBXGroup section */

/* Begin PBXNativeTarget section */
		10039FE6228E9E0C00CCC636 /* CoolSter */ = {
			isa = PBXNativeTarget;
			buildConfigurationList = 10039FF9228E9E0C00CCC636 /* Build configuration list for PBXNativeTarget "CoolSter" */;
			buildPhases = (
				10039FE3228E9E0C00CCC636 /* Sources */,
				10039FE4228E9E0C00CCC636 /* Frameworks */,
				10039FE5228E9E0C00CCC636 /* Resources */,
			);
			buildRules = (
			);
			dependencies = (
			);
			name = CoolSter;
			productName = CoolSter;
			productReference = 10039FE7228E9E0C00CCC636 /* CoolSter.app */;
			productType = "com.apple.product-type.application";
		};
/* End PBXNativeTarget section */

/* Begin PBXProject section */
		10039FDF228E9E0C00CCC636 /* Project object */ = {
			isa = PBXProject;
			attributes = {
				LastSwiftUpdateCheck = 1020;
				LastUpgradeCheck = 1020;
				ORGANIZATIONNAME = "Caesar Alberto Fernandez";
				TargetAttributes = {
					10039FE6228E9E0C00CCC636 = {
						CreatedOnToolsVersion = 10.2.1;
					};
				};
			};
			buildConfigurationList = 10039FE2228E9E0C00CCC636 /* Build configuration list for PBXProject "Funion" */;
			compatibilityVersion = "Xcode 9.3";
			developmentRegion = en;
			hasScannedForEncodings = 0;
			knownRegions = (
				en,
				Base,
			);
			mainGroup = 10039FDE228E9E0C00CCC636;
			productRefGroup = 10039FE8228E9E0C00CCC636 /* Products */;
			projectDirPath = "";
			projectRoot = "";
			targets = (
				10039FE6228E9E0C00CCC636 /* CoolSter */,
			);
		};
/* End PBXProject section */

/* Begin PBXResourcesBuildPhase section */
		10039FE5228E9E0C00CCC636 /* Resources */ = {
			isa = PBXResourcesBuildPhase;
			buildActionMask = 2147483647;
			files = (
				10C2135E2299BA33008151E3 /* PolandCannedIntoFuture.ttf in Resources */,
				10C2135D2299BA2F008151E3 /* Whypo.ttf in Resources */,
				100BB140229C39DB00812A5A /* drum roll.mp3 in Resources */,
				10039FF5228E9E0C00CCC636 /* LaunchScreen.storyboard in Resources */,
				10C21353229807B6008151E3 /* Swoosh.mp3 in Resources */,
				109D1C752295AEB8006C2920 /* SplashScreen.storyboard in Resources */,
				10C21355229807ED008151E3 /* Winning.mp3 in Resources */,
				10C21351229807AB008151E3 /* Pop.mp3 in Resources */,
				10039FF2228E9E0C00CCC636 /* Assets.xcassets in Resources */,
				10039FF0228E9E0C00CCC636 /* Main.storyboard in Resources */,
			);
			runOnlyForDeploymentPostprocessing = 0;
		};
/* End PBXResourcesBuildPhase section */

/* Begin PBXSourcesBuildPhase section */
		10039FE3228E9E0C00CCC636 /* Sources */ = {
			isa = PBXSourcesBuildPhase;
			buildActionMask = 2147483647;
			files = (
				10039FED228E9E0C00CCC636 /* ViewController.swift in Sources */,
				109D1C5822943BB5006C2920 /* NextViewController.swift in Sources */,
				109D1C772295AEE3006C2920 /* SplashScreenViewController.swift in Sources */,
				10039FEB228E9E0C00CCC636 /* AppDelegate.swift in Sources */,
			);
			runOnlyForDeploymentPostprocessing = 0;
		};
/* End PBXSourcesBuildPhase section */

/* Begin PBXVariantGroup section */
		10039FEE228E9E0C00CCC636 /* Main.storyboard */ = {
			isa = PBXVariantGroup;
			children = (
				10039FEF228E9E0C00CCC636 /* Base */,
			);
			name = Main.storyboard;
			sourceTree = "<group>";
		};
		10039FF3228E9E0C00CCC636 /* LaunchScreen.storyboard */ = {
			isa = PBXVariantGroup;
			children = (
				10039FF4228E9E0C00CCC636 /* Base */,
			);
			name = LaunchScreen.storyboard;
			sourceTree = "<group>";
		};
/* End PBXVariantGroup section */

/* Begin XCBuildConfiguration section */
		10039FF7228E9E0C00CCC636 /* Debug */ = {
			isa = XCBuildConfiguration;
			buildSettings = {
				ALWAYS_SEARCH_USER_PATHS = NO;
				CLANG_ANALYZER_NONNULL = YES;
				CLANG_ANALYZER_NUMBER_OBJECT_CONVERSION = YES_AGGRESSIVE;
				CLANG_CXX_LANGUAGE_STANDARD = "gnu++14";
				CLANG_CXX_LIBRARY = "libc++";
				CLANG_ENABLE_MODULES = YES;
				CLANG_ENABLE_OBJC_ARC = YES;
				CLANG_ENABLE_OBJC_WEAK = YES;
				CLANG_WARN_BLOCK_CAPTURE_AUTORELEASING = YES;
				CLANG_WARN_BOOL_CONVERSION = YES;
				CLANG_WARN_COMMA = YES;
				CLANG_WARN_CONSTANT_CONVERSION = YES;
				CLANG_WARN_DEPRECATED_OBJC_IMPLEMENTATIONS = YES;
				CLANG_WARN_DIRECT_OBJC_ISA_USAGE = YES_ERROR;
				CLANG_WARN_DOCUMENTATION_COMMENTS = YES;
				CLANG_WARN_EMPTY_BODY = YES;
				CLANG_WARN_ENUM_CONVERSION = YES;
				CLANG_WARN_INFINITE_RECURSION = YES;
				CLANG_WARN_INT_CONVERSION = YES;
				CLANG_WARN_NON_LITERAL_NULL_CONVERSION = YES;
				CLANG_WARN_OBJC_IMPLICIT_RETAIN_SELF = YES;
				CLANG_WARN_OBJC_LITERAL_CONVERSION = YES;
				CLANG_WARN_OBJC_ROOT_CLASS = YES_ERROR;
				CLANG_WARN_RANGE_LOOP_ANALYSIS = YES;
				CLANG_WARN_STRICT_PROTOTYPES = YES;
				CLANG_WARN_SUSPICIOUS_MOVE = YES;
				CLANG_WARN_UNGUARDED_AVAILABILITY = YES_AGGRESSIVE;
				CLANG_WARN_UNREACHABLE_CODE = YES;
				CLANG_WARN__DUPLICATE_METHOD_MATCH = YES;
				CODE_SIGN_IDENTITY = "iPhone Developer";
				COPY_PHASE_STRIP = NO;
				DEBUG_INFORMATION_FORMAT = dwarf;
				ENABLE_STRICT_OBJC_MSGSEND = YES;
				ENABLE_TESTABILITY = YES;
				GCC_C_LANGUAGE_STANDARD = gnu11;
				GCC_DYNAMIC_NO_PIC = NO;
				GCC_NO_COMMON_BLOCKS = YES;
				GCC_OPTIMIZATION_LEVEL = 0;
				GCC_PREPROCESSOR_DEFINITIONS = (
					"DEBUG=1",
					"$(inherited)",
				);
				GCC_WARN_64_TO_32_BIT_CONVERSION = YES;
				GCC_WARN_ABOUT_RETURN_TYPE = YES_ERROR;
				GCC_WARN_UNDECLARED_SELECTOR = YES;
				GCC_WARN_UNINITIALIZED_AUTOS = YES_AGGRESSIVE;
				GCC_WARN_UNUSED_FUNCTION = YES;
				GCC_WARN_UNUSED_VARIABLE = YES;
				IPHONEOS_DEPLOYMENT_TARGET = 12.2;
				MTL_ENABLE_DEBUG_INFO = INCLUDE_SOURCE;
				MTL_FAST_MATH = YES;
				ONLY_ACTIVE_ARCH = YES;
				SDKROOT = iphoneos;
				SWIFT_ACTIVE_COMPILATION_CONDITIONS = DEBUG;
				SWIFT_OPTIMIZATION_LEVEL = "-Onone";
			};
			name = Debug;
		};
		10039FF8228E9E0C00CCC636 /* Release */ = {
			isa = XCBuildConfiguration;
			buildSettings = {
				ALWAYS_SEARCH_USER_PATHS = NO;
				CLANG_ANALYZER_NONNULL = YES;
				CLANG_ANALYZER_NUMBER_OBJECT_CONVERSION = YES_AGGRESSIVE;
				CLANG_CXX_LANGUAGE_STANDARD = "gnu++14";
				CLANG_CXX_LIBRARY = "libc++";
				CLANG_ENABLE_MODULES = YES;
				CLANG_ENABLE_OBJC_ARC = YES;
				CLANG_ENABLE_OBJC_WEAK = YES;
				CLANG_WARN_BLOCK_CAPTURE_AUTORELEASING = YES;
				CLANG_WARN_BOOL_CONVERSION = YES;
				CLANG_WARN_COMMA = YES;
				CLANG_WARN_CONSTANT_CONVERSION = YES;
				CLANG_WARN_DEPRECATED_OBJC_IMPLEMENTATIONS = YES;
				CLANG_WARN_DIRECT_OBJC_ISA_USAGE = YES_ERROR;
				CLANG_WARN_DOCUMENTATION_COMMENTS = YES;
				CLANG_WARN_EMPTY_BODY = YES;
				CLANG_WARN_ENUM_CONVERSION = YES;
				CLANG_WARN_INFINITE_RECURSION = YES;
				CLANG_WARN_INT_CONVERSION = YES;
				CLANG_WARN_NON_LITERAL_NULL_CONVERSION = YES;
				CLANG_WARN_OBJC_IMPLICIT_RETAIN_SELF = YES;
				CLANG_WARN_OBJC_LITERAL_CONVERSION = YES;
				CLANG_WARN_OBJC_ROOT_CLASS = YES_ERROR;
				CLANG_WARN_RANGE_LOOP_ANALYSIS = YES;
				CLANG_WARN_STRICT_PROTOTYPES = YES;
				CLANG_WARN_SUSPICIOUS_MOVE = YES;
				CLANG_WARN_UNGUARDED_AVAILABILITY = YES_AGGRESSIVE;
				CLANG_WARN_UNREACHABLE_CODE = YES;
				CLANG_WARN__DUPLICATE_METHOD_MATCH = YES;
				CODE_SIGN_IDENTITY = "iPhone Developer";
				COPY_PHASE_STRIP = NO;
				DEBUG_INFORMATION_FORMAT = "dwarf-with-dsym";
				ENABLE_NS_ASSERTIONS = NO;
				ENABLE_STRICT_OBJC_MSGSEND = YES;
				GCC_C_LANGUAGE_STANDARD = gnu11;
				GCC_NO_COMMON_BLOCKS = YES;
				GCC_WARN_64_TO_32_BIT_CONVERSION = YES;
				GCC_WARN_ABOUT_RETURN_TYPE = YES_ERROR;
				GCC_WARN_UNDECLARED_SELECTOR = YES;
				GCC_WARN_UNINITIALIZED_AUTOS = YES_AGGRESSIVE;
				GCC_WARN_UNUSED_FUNCTION = YES;
				GCC_WARN_UNUSED_VARIABLE = YES;
				IPHONEOS_DEPLOYMENT_TARGET = 12.2;
				MTL_ENABLE_DEBUG_INFO = NO;
				MTL_FAST_MATH = YES;
				SDKROOT = iphoneos;
				SWIFT_COMPILATION_MODE = wholemodule;
				SWIFT_OPTIMIZATION_LEVEL = "-O";
				VALIDATE_PRODUCT = YES;
			};
			name = Release;
		};
		10039FFA228E9E0C00CCC636 /* Debug */ = {
			isa = XCBuildConfiguration;
			buildSettings = {
				ASSETCATALOG_COMPILER_APPICON_NAME = AppIcon;
				CODE_SIGN_STYLE = Automatic;
				DEVELOPMENT_TEAM = YL8QB5EG34;
				INFOPLIST_FILE = "$(SRCROOT)/Funion/Info.plist";
				LD_RUNPATH_SEARCH_PATHS = (
					"$(inherited)",
					"@executable_path/Frameworks",
				);
				PRODUCT_BUNDLE_IDENTIFIER = CAF.CoolSter;
				PRODUCT_NAME = "$(TARGET_NAME)";
				SWIFT_VERSION = 5.0;
				TARGETED_DEVICE_FAMILY = "1,2";
			};
			name = Debug;
		};
		10039FFB228E9E0C00CCC636 /* Release */ = {
			isa = XCBuildConfiguration;
			buildSettings = {
				ASSETCATALOG_COMPILER_APPICON_NAME = AppIcon;
				CODE_SIGN_STYLE = Automatic;
				DEVELOPMENT_TEAM = YL8QB5EG34;
				INFOPLIST_FILE = "$(SRCROOT)/Funion/Info.plist";
				LD_RUNPATH_SEARCH_PATHS = (
					"$(inherited)",
					"@executable_path/Frameworks",
				);
				PRODUCT_BUNDLE_IDENTIFIER = CAF.CoolSter;
				PRODUCT_NAME = "$(TARGET_NAME)";
				SWIFT_VERSION = 5.0;
				TARGETED_DEVICE_FAMILY = "1,2";
			};
			name = Release;
		};
/* End XCBuildConfiguration section */

/* Begin XCConfigurationList section */
		10039FE2228E9E0C00CCC636 /* Build configuration list for PBXProject "Funion" */ = {
			isa = XCConfigurationList;
			buildConfigurations = (
				10039FF7228E9E0C00CCC636 /* Debug */,
				10039FF8228E9E0C00CCC636 /* Release */,
			);
			defaultConfigurationIsVisible = 0;
			defaultConfigurationName = Release;
		};
		10039FF9228E9E0C00CCC636 /* Build configuration list for PBXNativeTarget "CoolSter" */ = {
			isa = XCConfigurationList;
			buildConfigurations = (
				10039FFA228E9E0C00CCC636 /* Debug */,
				10039FFB228E9E0C00CCC636 /* Release */,
			);
			defaultConfigurationIsVisible = 0;
			defaultConfigurationName = Release;
		};
/* End XCConfigurationList section */
	};
	rootObject = 10039FDF228E9E0C00CCC636 /* Project object */;
}
